
Microsoft Visual Studio Solution File, Format Version 12.00
# Visual Studio 14
VisualStudioVersion = 14.0.25420.1
MinimumVisualStudioVersion = 10.0.40219.1
Project("{FAE04EC0-301F-11D3-BF4B-00C04F79EFBC}") = "01. Hornet Wings", "01. Hornet Wings\01. Hornet Wings.csproj", "{DF4971AB-FDCA-40CF-A818-4A4B8C1F3838}"
EndProject
Project("{FAE04EC0-301F-11D3-BF4B-00C04F79EFBC}") = "02. Hornet Comm", "02. Hornet Comm.\02. Hornet Comm.csproj", "{8CE76BDD-FDF4-4B0C-A69C-AC354860F67F}"
EndProject
Global
	GlobalSection(SolutionConfigurationPlatforms) = preSolution
		Debug|Any CPU = Debug|Any CPU
		Release|Any CPU = Release|Any CPU
	EndGlobalSection
	GlobalSection(ProjectConfigurationPlatforms) = postSolution
		{DF4971AB-FDCA-40CF-A818-4A4B8C1F3838}.Debug|Any CPU.ActiveCfg = Debug|Any CPU
		{DF4971AB-FDCA-40CF-A818-4A4B8C1F3838}.Debug|Any CPU.Build.0 = Debug|Any CPU
		{DF4971AB-FDCA-40CF-A818-4A4B8C1F3838}.Release|Any CPU.ActiveCfg = Release|Any CPU
		{DF4971AB-FDCA-40CF-A818-4A4B8C1F3838}.Release|Any CPU.Build.0 = Release|Any CPU
		{8CE76BDD-FDF4-4B0C-A69C-AC354860F67F}.Debug|Any CPU.ActiveCfg = Debug|Any CPU
		{8CE76BDD-FDF4-4B0C-A69C-AC354860F67F}.Debug|Any CPU.Build.0 = Debug|Any CPU
		{8CE76BDD-FDF4-4B0C-A69C-AC354860F67F}.Release|Any CPU.ActiveCfg = Release|Any CPU
		{8CE76BDD-FDF4-4B0C-A69C-AC354860F67F}.Release|Any CPU.Build.0 = Release|Any CPU
	EndGlobalSection
	GlobalSection(SolutionProperties) = preSolution
		HideSolutionNode = FALSE
	EndGlobalSection
EndGlobal
